
Microsoft Visual Studio Solution File, Format Version 12.00
# Visual Studio Version 17
VisualStudioVersion = 17.5.33516.290
MinimumVisualStudioVersion = 10.0.40219.1
Project("{FAE04EC0-301F-11D3-BF4B-00C04F79EFBC}") = "Wpf_Mart", "Wpf_Bus\Wpf_Mart.csproj", "{75A7EAA6-3EFA-49D3-AEDF-F76025AD60F8}"
EndProject
Global
	GlobalSection(SolutionConfigurationPlatforms) = preSolution
		Debug|Any CPU = Debug|Any CPU
		Release|Any CPU = Release|Any CPU
	EndGlobalSection
	GlobalSection(ProjectConfigurationPlatforms) = postSolution
		{75A7EAA6-3EFA-49D3-AEDF-F76025AD60F8}.Debug|Any CPU.ActiveCfg = Debug|Any CPU
		{75A7EAA6-3EFA-49D3-AEDF-F76025AD60F8}.Debug|Any CPU.Build.0 = Debug|Any CPU
		{75A7EAA6-3EFA-49D3-AEDF-F76025AD60F8}.Release|Any CPU.ActiveCfg = Release|Any CPU
		{75A7EAA6-3EFA-49D3-AEDF-F76025AD60F8}.Release|Any CPU.Build.0 = Release|Any CPU
	EndGlobalSection
	GlobalSection(SolutionProperties) = preSolution
		HideSolutionNode = FALSE
	EndGlobalSection
	GlobalSection(ExtensibilityGlobals) = postSolution
		SolutionGuid = {8726145C-A41C-43D4-BEA4-1003A23E9139}
	EndGlobalSection
EndGlobal
