
Microsoft Visual Studio Solution File, Format Version 12.00
# Visual Studio Version 17
VisualStudioVersion = 17.5.33516.290
MinimumVisualStudioVersion = 10.0.40219.1
Project("{FAE04EC0-301F-11D3-BF4B-00C04F79EFBC}") = "wp06_mvm", "wp06_mvm\wp06_mvm.csproj", "{CB43E43F-0DD5-49DB-9D4E-70589A907754}"
EndProject
Project("{FAE04EC0-301F-11D3-BF4B-00C04F79EFBC}") = "wp05_bikeshop", "wp05_bikeshop\wp05_bikeshop.csproj", "{30D2DCD3-47C8-423F-A85C-953337F92873}"
EndProject
Global
	GlobalSection(SolutionConfigurationPlatforms) = preSolution
		Debug|Any CPU = Debug|Any CPU
		Release|Any CPU = Release|Any CPU
	EndGlobalSection
	GlobalSection(ProjectConfigurationPlatforms) = postSolution
		{CB43E43F-0DD5-49DB-9D4E-70589A907754}.Debug|Any CPU.ActiveCfg = Debug|Any CPU
		{CB43E43F-0DD5-49DB-9D4E-70589A907754}.Debug|Any CPU.Build.0 = Debug|Any CPU
		{CB43E43F-0DD5-49DB-9D4E-70589A907754}.Release|Any CPU.ActiveCfg = Release|Any CPU
		{CB43E43F-0DD5-49DB-9D4E-70589A907754}.Release|Any CPU.Build.0 = Release|Any CPU
		{30D2DCD3-47C8-423F-A85C-953337F92873}.Debug|Any CPU.ActiveCfg = Debug|Any CPU
		{30D2DCD3-47C8-423F-A85C-953337F92873}.Debug|Any CPU.Build.0 = Debug|Any CPU
		{30D2DCD3-47C8-423F-A85C-953337F92873}.Release|Any CPU.ActiveCfg = Release|Any CPU
		{30D2DCD3-47C8-423F-A85C-953337F92873}.Release|Any CPU.Build.0 = Release|Any CPU
	EndGlobalSection
	GlobalSection(SolutionProperties) = preSolution
		HideSolutionNode = FALSE
	EndGlobalSection
	GlobalSection(ExtensibilityGlobals) = postSolution
		SolutionGuid = {86C4B81B-802C-4634-BF24-B224277EB86E}
	EndGlobalSection
EndGlobal
